PODS:
  - SimulatorStatusMagic (2.2)

DEPENDENCIES:
  - SimulatorStatusMagic

SPEC REPOS:
  https://github.com/cocoapods/specs.git:
    - SimulatorStatusMagic

SPEC CHECKSUMS:
  SimulatorStatusMagic: 0389a805fa8bd001e2977c4046730bdbd6642861

PODFILE CHECKSUM: ab090218bb027067591eab45328d90f11211e461

COCOAPODS: 1.5.3
