PODS:
  - SimulatorStatusMagic (2.1)

DEPENDENCIES:
  - SimulatorStatusMagic

SPEC REPOS:
  https://github.com/cocoapods/specs.git:
    - SimulatorStatusMagic

SPEC CHECKSUMS:
  SimulatorStatusMagic: 481558caf2b9ccb2ceba2cc193728d4db3dcac07

PODFILE CHECKSUM: b724fb624e82dda0f817bd00b9822d48c320dcde

COCOAPODS: 1.5.3
